
Microsoft Visual Studio Solution File, Format Version 12.00
Project("{FAE04EC0-301F-11D3-BF4B-00C04F79EFBC}") = "GlyphFX.Window", "GlyphFX.Window\GlyphFX.Window.csproj", "{DD9658B1-837F-4602-BD22-32D6E585C1EF}"
EndProject
Project("{FAE04EC0-301F-11D3-BF4B-00C04F79EFBC}") = "GlyphFX.DevConsole", "GlyphFX.DevConsole\GlyphFX.DevConsole.csproj", "{75AC78A1-B3B6-4A29-89E3-47AB01588E90}"
EndProject
Project("{FAE04EC0-301F-11D3-BF4B-00C04F79EFBC}") = "GlyphFX.WebGpu", "GlyphFX.WebGpu\GlyphFX.WebGpu.csproj", "{85C85266-4486-49E1-B18C-28300268721B}"
EndProject
Project("{FAE04EC0-301F-11D3-BF4B-00C04F79EFBC}") = "GlyphFX.Engine", "GlyphFX.Engine\GlyphFX.Engine.csproj", "{BEF1FC22-F893-4CE9-93E4-AF052EB02A93}"
EndProject
Project("{FAE04EC0-301F-11D3-BF4B-00C04F79EFBC}") = "GlyphFX.DemoWeb", "GlyphFX.DemoWeb\GlyphFX.DemoWeb.csproj", "{37B990A6-6999-4D41-9ACC-D556322794F7}"
EndProject
Project("{2150E333-8FDC-42A3-9474-1A3956D46DE8}") = "Old", "Old", "{4BCCCE2E-CC8D-486E-B9FC-B57BEDB0F005}"
EndProject
Project("{FAE04EC0-301F-11D3-BF4B-00C04F79EFBC}") = "GlyphFX.Common", "GlyphFX.Common\GlyphFX.Common.csproj", "{D851FB1E-AA6D-4B69-8B8F-A52F506E73E5}"
EndProject
Project("{FAE04EC0-301F-11D3-BF4B-00C04F79EFBC}") = "GlyphFX.Core", "GlyphFX.Core\GlyphFX.Core.csproj", "{ECD17D0E-85B4-41F2-99DE-5DFFF72617EA}"
EndProject
Project("{FAE04EC0-301F-11D3-BF4B-00C04F79EFBC}") = "GlyphFX.Desktop", "GlyphFX.Desktop\GlyphFX.Desktop.csproj", "{E623F74D-A0B8-4013-8ED1-AAC99AB25349}"
EndProject
Project("{FAE04EC0-301F-11D3-BF4B-00C04F79EFBC}") = "GlyphFX.Web", "GlyphFX.Web\GlyphFX.Web.csproj", "{3416B6DE-DF3F-4498-920D-F69313F5E412}"
EndProject
Project("{FAE04EC0-301F-11D3-BF4B-00C04F79EFBC}") = "GlyphFX.Examples", "GlyphFX.Examples\GlyphFX.Examples.csproj", "{CEFA4BE9-2412-4B9B-B623-15AF47812506}"
EndProject
Project("{FAE04EC0-301F-11D3-BF4B-00C04F79EFBC}") = "GlyphFX.Examples.Desktop", "GlyphFX.Examples.Desktop\GlyphFX.Examples.Desktop.csproj", "{66DF61C1-49C0-432B-BA34-833FB7401B6E}"
EndProject
Project("{FAE04EC0-301F-11D3-BF4B-00C04F79EFBC}") = "GlyphFX.Examples.Web", "GlyphFX.Examples.Web\GlyphFX.Examples.Web.csproj", "{0739DBE8-100C-4220-8886-56E6B969320D}"
EndProject
Project("{FAE04EC0-301F-11D3-BF4B-00C04F79EFBC}") = "GlyphFX.Tools.ProtoGenerator", "GlyphFX.Tools.ProtoGenerator\GlyphFX.Tools.ProtoGenerator.csproj", "{D037FAA6-4AD9-46DA-BA41-42D8831F6FB1}"
EndProject
Global
	GlobalSection(SolutionConfigurationPlatforms) = preSolution
		Debug|Any CPU = Debug|Any CPU
		Release|Any CPU = Release|Any CPU
	EndGlobalSection
	GlobalSection(ProjectConfigurationPlatforms) = postSolution
		{DD9658B1-837F-4602-BD22-32D6E585C1EF}.Debug|Any CPU.ActiveCfg = Debug|Any CPU
		{DD9658B1-837F-4602-BD22-32D6E585C1EF}.Debug|Any CPU.Build.0 = Debug|Any CPU
		{DD9658B1-837F-4602-BD22-32D6E585C1EF}.Release|Any CPU.ActiveCfg = Release|Any CPU
		{DD9658B1-837F-4602-BD22-32D6E585C1EF}.Release|Any CPU.Build.0 = Release|Any CPU
		{75AC78A1-B3B6-4A29-89E3-47AB01588E90}.Debug|Any CPU.ActiveCfg = Debug|Any CPU
		{75AC78A1-B3B6-4A29-89E3-47AB01588E90}.Debug|Any CPU.Build.0 = Debug|Any CPU
		{75AC78A1-B3B6-4A29-89E3-47AB01588E90}.Release|Any CPU.ActiveCfg = Release|Any CPU
		{75AC78A1-B3B6-4A29-89E3-47AB01588E90}.Release|Any CPU.Build.0 = Release|Any CPU
		{85C85266-4486-49E1-B18C-28300268721B}.Debug|Any CPU.ActiveCfg = Debug|Any CPU
		{85C85266-4486-49E1-B18C-28300268721B}.Debug|Any CPU.Build.0 = Debug|Any CPU
		{85C85266-4486-49E1-B18C-28300268721B}.Release|Any CPU.ActiveCfg = Release|Any CPU
		{85C85266-4486-49E1-B18C-28300268721B}.Release|Any CPU.Build.0 = Release|Any CPU
		{BEF1FC22-F893-4CE9-93E4-AF052EB02A93}.Debug|Any CPU.ActiveCfg = Debug|Any CPU
		{BEF1FC22-F893-4CE9-93E4-AF052EB02A93}.Debug|Any CPU.Build.0 = Debug|Any CPU
		{BEF1FC22-F893-4CE9-93E4-AF052EB02A93}.Release|Any CPU.ActiveCfg = Release|Any CPU
		{BEF1FC22-F893-4CE9-93E4-AF052EB02A93}.Release|Any CPU.Build.0 = Release|Any CPU
		{37B990A6-6999-4D41-9ACC-D556322794F7}.Debug|Any CPU.ActiveCfg = Debug|Any CPU
		{37B990A6-6999-4D41-9ACC-D556322794F7}.Debug|Any CPU.Build.0 = Debug|Any CPU
		{37B990A6-6999-4D41-9ACC-D556322794F7}.Release|Any CPU.ActiveCfg = Release|Any CPU
		{37B990A6-6999-4D41-9ACC-D556322794F7}.Release|Any CPU.Build.0 = Release|Any CPU
		{D851FB1E-AA6D-4B69-8B8F-A52F506E73E5}.Debug|Any CPU.ActiveCfg = Debug|Any CPU
		{D851FB1E-AA6D-4B69-8B8F-A52F506E73E5}.Debug|Any CPU.Build.0 = Debug|Any CPU
		{D851FB1E-AA6D-4B69-8B8F-A52F506E73E5}.Release|Any CPU.ActiveCfg = Release|Any CPU
		{D851FB1E-AA6D-4B69-8B8F-A52F506E73E5}.Release|Any CPU.Build.0 = Release|Any CPU
		{ECD17D0E-85B4-41F2-99DE-5DFFF72617EA}.Debug|Any CPU.ActiveCfg = Debug|Any CPU
		{ECD17D0E-85B4-41F2-99DE-5DFFF72617EA}.Debug|Any CPU.Build.0 = Debug|Any CPU
		{ECD17D0E-85B4-41F2-99DE-5DFFF72617EA}.Release|Any CPU.ActiveCfg = Release|Any CPU
		{ECD17D0E-85B4-41F2-99DE-5DFFF72617EA}.Release|Any CPU.Build.0 = Release|Any CPU
		{E623F74D-A0B8-4013-8ED1-AAC99AB25349}.Debug|Any CPU.ActiveCfg = Debug|Any CPU
		{E623F74D-A0B8-4013-8ED1-AAC99AB25349}.Debug|Any CPU.Build.0 = Debug|Any CPU
		{E623F74D-A0B8-4013-8ED1-AAC99AB25349}.Release|Any CPU.ActiveCfg = Release|Any CPU
		{E623F74D-A0B8-4013-8ED1-AAC99AB25349}.Release|Any CPU.Build.0 = Release|Any CPU
		{3416B6DE-DF3F-4498-920D-F69313F5E412}.Debug|Any CPU.ActiveCfg = Debug|Any CPU
		{3416B6DE-DF3F-4498-920D-F69313F5E412}.Debug|Any CPU.Build.0 = Debug|Any CPU
		{3416B6DE-DF3F-4498-920D-F69313F5E412}.Release|Any CPU.ActiveCfg = Release|Any CPU
		{3416B6DE-DF3F-4498-920D-F69313F5E412}.Release|Any CPU.Build.0 = Release|Any CPU
		{CEFA4BE9-2412-4B9B-B623-15AF47812506}.Debug|Any CPU.ActiveCfg = Debug|Any CPU
		{CEFA4BE9-2412-4B9B-B623-15AF47812506}.Debug|Any CPU.Build.0 = Debug|Any CPU
		{CEFA4BE9-2412-4B9B-B623-15AF47812506}.Release|Any CPU.ActiveCfg = Release|Any CPU
		{CEFA4BE9-2412-4B9B-B623-15AF47812506}.Release|Any CPU.Build.0 = Release|Any CPU
		{66DF61C1-49C0-432B-BA34-833FB7401B6E}.Debug|Any CPU.ActiveCfg = Debug|Any CPU
		{66DF61C1-49C0-432B-BA34-833FB7401B6E}.Debug|Any CPU.Build.0 = Debug|Any CPU
		{66DF61C1-49C0-432B-BA34-833FB7401B6E}.Release|Any CPU.ActiveCfg = Release|Any CPU
		{66DF61C1-49C0-432B-BA34-833FB7401B6E}.Release|Any CPU.Build.0 = Release|Any CPU
		{0739DBE8-100C-4220-8886-56E6B969320D}.Debug|Any CPU.ActiveCfg = Debug|Any CPU
		{0739DBE8-100C-4220-8886-56E6B969320D}.Debug|Any CPU.Build.0 = Debug|Any CPU
		{0739DBE8-100C-4220-8886-56E6B969320D}.Release|Any CPU.ActiveCfg = Release|Any CPU
		{0739DBE8-100C-4220-8886-56E6B969320D}.Release|Any CPU.Build.0 = Release|Any CPU
		{D037FAA6-4AD9-46DA-BA41-42D8831F6FB1}.Debug|Any CPU.ActiveCfg = Debug|Any CPU
		{D037FAA6-4AD9-46DA-BA41-42D8831F6FB1}.Debug|Any CPU.Build.0 = Debug|Any CPU
		{D037FAA6-4AD9-46DA-BA41-42D8831F6FB1}.Release|Any CPU.ActiveCfg = Release|Any CPU
		{D037FAA6-4AD9-46DA-BA41-42D8831F6FB1}.Release|Any CPU.Build.0 = Release|Any CPU
	EndGlobalSection
	GlobalSection(NestedProjects) = preSolution
		{37B990A6-6999-4D41-9ACC-D556322794F7} = {4BCCCE2E-CC8D-486E-B9FC-B57BEDB0F005}
		{75AC78A1-B3B6-4A29-89E3-47AB01588E90} = {4BCCCE2E-CC8D-486E-B9FC-B57BEDB0F005}
		{BEF1FC22-F893-4CE9-93E4-AF052EB02A93} = {4BCCCE2E-CC8D-486E-B9FC-B57BEDB0F005}
		{85C85266-4486-49E1-B18C-28300268721B} = {4BCCCE2E-CC8D-486E-B9FC-B57BEDB0F005}
		{DD9658B1-837F-4602-BD22-32D6E585C1EF} = {4BCCCE2E-CC8D-486E-B9FC-B57BEDB0F005}
	EndGlobalSection
EndGlobal
